
Microsoft Visual Studio Solution File, Format Version 12.00
# Visual Studio Version 17
VisualStudioVersion = 17.3.32721.290
MinimumVisualStudioVersion = 10.0.40219.1
Project("{FAE04EC0-301F-11D3-BF4B-00C04F79EFBC}") = "static and instant", "static and instant\static and instant.csproj", "{55127FC9-225C-408E-B433-872CBE030C29}"
EndProject
Global
	GlobalSection(SolutionConfigurationPlatforms) = preSolution
		Debug|Any CPU = Debug|Any CPU
		Release|Any CPU = Release|Any CPU
	EndGlobalSection
	GlobalSection(ProjectConfigurationPlatforms) = postSolution
		{55127FC9-225C-408E-B433-872CBE030C29}.Debug|Any CPU.ActiveCfg = Debug|Any CPU
		{55127FC9-225C-408E-B433-872CBE030C29}.Debug|Any CPU.Build.0 = Debug|Any CPU
		{55127FC9-225C-408E-B433-872CBE030C29}.Release|Any CPU.ActiveCfg = Release|Any CPU
		{55127FC9-225C-408E-B433-872CBE030C29}.Release|Any CPU.Build.0 = Release|Any CPU
	EndGlobalSection
	GlobalSection(SolutionProperties) = preSolution
		HideSolutionNode = FALSE
	EndGlobalSection
	GlobalSection(ExtensibilityGlobals) = postSolution
		SolutionGuid = {84AF0E5B-6C8C-4708-9885-C90F1E6B54BD}
	EndGlobalSection
EndGlobal
